{
  "name": "my-workspace",
  "lockfileVersion": 2,
  "requires": true,
  "packages": {
    "": {
      "name": "my-workspace",
      "license": "MIT",
      "workspaces": [
        "./packages/package-1",
        "./packages/package-2"
      ]
    },
    "node_modules/package-1": {
      "resolved": "packages/package-1",
      "link": true
    },
    "node_modules/package-2": {
      "resolved": "packages/package-2",
      "link": true
    },
    "packages/package-1": {
      "name": "@my-workspace/package-1",
      "version": "2.3.4",
      "license": "MIT",
      "tiny-tarball": {
        "version": "1.0.0",
        "resolved": "https://registry.npmjs.org/tiny-tarball/-/tiny-tarball-1.0.0.tgz",
        "integrity": "sha1-u/EC1a5zr+LFUyleD7AiMCFvZbE="
      }
    },
    "packages/package-2": {
      "name": "@my-workspace/package-2",
      "version": "2.3.4",
      "license": "MIT",
      "dependencies": {
        "@my-workspace/package-1": "^2.3.4"
      }
    }
  },
  "dependencies": {
    "@my-workspace/package-1": {
      "version": "file:packages/package-1",
      "requires": {
        "tiny-tarball": "^1.0.0"
      }
    },
    "@my-workspace/package-2": {
      "version": "file:packages/package-2",
      "requires": {
        "@my-workspace/package-1": "^2.3.4"
      }
    }
  }
}